
Microsoft Visual Studio Solution File, Format Version 12.00
# Visual Studio Version 17
VisualStudioVersion = 17.12.35527.113 d17.12
MinimumVisualStudioVersion = 10.0.40219.1
Project("{FAE04EC0-301F-11D3-BF4B-00C04F79EFBC}") = "OrderManagementSystem.web", "OrderManagementSystem.web\OrderManagementSystem.web.csproj", "{58B0F766-59EE-469F-AD4D-0964AAD917CC}"
EndProject
Project("{2150E333-8FDC-42A3-9474-1A3956D46DE8}") = "Core", "Core", "{8DB4541F-8960-41A9-A019-76CE0BD2C81B}"
EndProject
Project("{2150E333-8FDC-42A3-9474-1A3956D46DE8}") = "Infrastructure", "Infrastructure", "{5D0CF8BA-FF67-4793-A5BA-DB18E37E2911}"
EndProject
Project("{FAE04EC0-301F-11D3-BF4B-00C04F79EFBC}") = "Domain", "Domain\Domain.csproj", "{127A9E9B-E68D-4172-9D77-C28BFA707A73}"
EndProject
Project("{FAE04EC0-301F-11D3-BF4B-00C04F79EFBC}") = "Services", "Service\Services.csproj", "{D921FFFE-65E6-48D5-87F4-C9FC1DC77625}"
EndProject
Project("{FAE04EC0-301F-11D3-BF4B-00C04F79EFBC}") = "ServiceAbstractions", "ServiceAbstractions\ServiceAbstractions.csproj", "{FFA66D03-6508-4E45-B36D-EAF673601D71}"
EndProject
Project("{FAE04EC0-301F-11D3-BF4B-00C04F79EFBC}") = "Persistence", "Persistence\Persistence.csproj", "{C91DF3A8-D6E9-4E1D-8152-05F2780E059F}"
EndProject
Project("{FAE04EC0-301F-11D3-BF4B-00C04F79EFBC}") = "Presentation", "Presentation\Presentation.csproj", "{F094DB00-0737-4F8D-8197-4D9521B8F800}"
EndProject
Project("{FAE04EC0-301F-11D3-BF4B-00C04F79EFBC}") = "Shared", "Shared\Shared.csproj", "{C473DD1A-74B8-4F8F-BE42-51DE3857DDB4}"
EndProject
Global
	GlobalSection(SolutionConfigurationPlatforms) = preSolution
		Debug|Any CPU = Debug|Any CPU
		Release|Any CPU = Release|Any CPU
	EndGlobalSection
	GlobalSection(ProjectConfigurationPlatforms) = postSolution
		{58B0F766-59EE-469F-AD4D-0964AAD917CC}.Debug|Any CPU.ActiveCfg = Debug|Any CPU
		{58B0F766-59EE-469F-AD4D-0964AAD917CC}.Debug|Any CPU.Build.0 = Debug|Any CPU
		{58B0F766-59EE-469F-AD4D-0964AAD917CC}.Release|Any CPU.ActiveCfg = Release|Any CPU
		{58B0F766-59EE-469F-AD4D-0964AAD917CC}.Release|Any CPU.Build.0 = Release|Any CPU
		{127A9E9B-E68D-4172-9D77-C28BFA707A73}.Debug|Any CPU.ActiveCfg = Debug|Any CPU
		{127A9E9B-E68D-4172-9D77-C28BFA707A73}.Debug|Any CPU.Build.0 = Debug|Any CPU
		{127A9E9B-E68D-4172-9D77-C28BFA707A73}.Release|Any CPU.ActiveCfg = Release|Any CPU
		{127A9E9B-E68D-4172-9D77-C28BFA707A73}.Release|Any CPU.Build.0 = Release|Any CPU
		{D921FFFE-65E6-48D5-87F4-C9FC1DC77625}.Debug|Any CPU.ActiveCfg = Debug|Any CPU
		{D921FFFE-65E6-48D5-87F4-C9FC1DC77625}.Debug|Any CPU.Build.0 = Debug|Any CPU
		{D921FFFE-65E6-48D5-87F4-C9FC1DC77625}.Release|Any CPU.ActiveCfg = Release|Any CPU
		{D921FFFE-65E6-48D5-87F4-C9FC1DC77625}.Release|Any CPU.Build.0 = Release|Any CPU
		{FFA66D03-6508-4E45-B36D-EAF673601D71}.Debug|Any CPU.ActiveCfg = Debug|Any CPU
		{FFA66D03-6508-4E45-B36D-EAF673601D71}.Debug|Any CPU.Build.0 = Debug|Any CPU
		{FFA66D03-6508-4E45-B36D-EAF673601D71}.Release|Any CPU.ActiveCfg = Release|Any CPU
		{FFA66D03-6508-4E45-B36D-EAF673601D71}.Release|Any CPU.Build.0 = Release|Any CPU
		{C91DF3A8-D6E9-4E1D-8152-05F2780E059F}.Debug|Any CPU.ActiveCfg = Debug|Any CPU
		{C91DF3A8-D6E9-4E1D-8152-05F2780E059F}.Debug|Any CPU.Build.0 = Debug|Any CPU
		{C91DF3A8-D6E9-4E1D-8152-05F2780E059F}.Release|Any CPU.ActiveCfg = Release|Any CPU
		{C91DF3A8-D6E9-4E1D-8152-05F2780E059F}.Release|Any CPU.Build.0 = Release|Any CPU
		{F094DB00-0737-4F8D-8197-4D9521B8F800}.Debug|Any CPU.ActiveCfg = Debug|Any CPU
		{F094DB00-0737-4F8D-8197-4D9521B8F800}.Debug|Any CPU.Build.0 = Debug|Any CPU
		{F094DB00-0737-4F8D-8197-4D9521B8F800}.Release|Any CPU.ActiveCfg = Release|Any CPU
		{F094DB00-0737-4F8D-8197-4D9521B8F800}.Release|Any CPU.Build.0 = Release|Any CPU
		{C473DD1A-74B8-4F8F-BE42-51DE3857DDB4}.Debug|Any CPU.ActiveCfg = Debug|Any CPU
		{C473DD1A-74B8-4F8F-BE42-51DE3857DDB4}.Debug|Any CPU.Build.0 = Debug|Any CPU
		{C473DD1A-74B8-4F8F-BE42-51DE3857DDB4}.Release|Any CPU.ActiveCfg = Release|Any CPU
		{C473DD1A-74B8-4F8F-BE42-51DE3857DDB4}.Release|Any CPU.Build.0 = Release|Any CPU
	EndGlobalSection
	GlobalSection(SolutionProperties) = preSolution
		HideSolutionNode = FALSE
	EndGlobalSection
	GlobalSection(NestedProjects) = preSolution
		{127A9E9B-E68D-4172-9D77-C28BFA707A73} = {8DB4541F-8960-41A9-A019-76CE0BD2C81B}
		{D921FFFE-65E6-48D5-87F4-C9FC1DC77625} = {8DB4541F-8960-41A9-A019-76CE0BD2C81B}
		{FFA66D03-6508-4E45-B36D-EAF673601D71} = {8DB4541F-8960-41A9-A019-76CE0BD2C81B}
		{C91DF3A8-D6E9-4E1D-8152-05F2780E059F} = {5D0CF8BA-FF67-4793-A5BA-DB18E37E2911}
		{F094DB00-0737-4F8D-8197-4D9521B8F800} = {5D0CF8BA-FF67-4793-A5BA-DB18E37E2911}
	EndGlobalSection
EndGlobal
